PODS:
  - Alamofire (4.8.0)
  - XMLMapper/Core (1.5.1)
  - XMLMapper/Requests (1.5.1):
    - Alamofire (~> 4.1)
    - XMLMapper/Core

DEPENDENCIES:
  - Alamofire
  - XMLMapper/Requests

SPEC REPOS:
  https://github.com/cocoapods/specs.git:
    - Alamofire
    - XMLMapper

SPEC CHECKSUMS:
  Alamofire: 3ec537f71edc9804815215393ae2b1a8ea33a844
  XMLMapper: 40841d2d7d134715943c8bca42dabdbcfe03d354

PODFILE CHECKSUM: e41782a7d66a12df637345d34af320af4c410b8f

COCOAPODS: 1.5.3
