// !$*UTF8*$!
{
	archiveVersion = 1;
	classes = {
	};
	objectVersion = 50;
	objects = {

/* Begin PBXBuildFile section */
		00236D293CD6211D1AF33A51 /* Pods_rssNasa.framework in Frameworks */ = {isa = PBXBuildFile; fileRef = 737BDFDE70CD25E62CC71547 /* Pods_rssNasa.framework */; };
		3A7FCEB321ADC05500E91B76 /* Section.swift in Sources */ = {isa = PBXBuildFile; fileRef = 3A7FCEB221ADC05500E91B76 /* Section.swift */; };
		3A7FCEB621ADC6AF00E91B76 /* ListRSSNavigationController.swift in Sources */ = {isa = PBXBuildFile; fileRef = 3A7FCEB521ADC6AF00E91B76 /* ListRSSNavigationController.swift */; };
		3AE9D6CB21AD812400CDD307 /* AppDelegate.swift in Sources */ = {isa = PBXBuildFile; fileRef = 3AE9D6CA21AD812400CDD307 /* AppDelegate.swift */; };
		3AE9D6D221AD812500CDD307 /* Assets.xcassets in Resources */ = {isa = PBXBuildFile; fileRef = 3AE9D6D121AD812500CDD307 /* Assets.xcassets */; };
		3AE9D6D521AD812500CDD307 /* LaunchScreen.storyboard in Resources */ = {isa = PBXBuildFile; fileRef = 3AE9D6D321AD812500CDD307 /* LaunchScreen.storyboard */; };
		3AE9D6E021AD812500CDD307 /* rssNasaTests.swift in Sources */ = {isa = PBXBuildFile; fileRef = 3AE9D6DF21AD812500CDD307 /* rssNasaTests.swift */; };
		3AE9D6EB21AD812500CDD307 /* rssNasaUITests.swift in Sources */ = {isa = PBXBuildFile; fileRef = 3AE9D6EA21AD812500CDD307 /* rssNasaUITests.swift */; };
		3AE9D6FE21AD82F600CDD307 /* ListRss.storyboard in Resources */ = {isa = PBXBuildFile; fileRef = 3AE9D6F821AD82F600CDD307 /* ListRss.storyboard */; };
		3AE9D6FF21AD82F600CDD307 /* ListRssInterfaces.swift in Sources */ = {isa = PBXBuildFile; fileRef = 3AE9D6F921AD82F600CDD307 /* ListRssInterfaces.swift */; };
		3AE9D70021AD82F600CDD307 /* ListRssPresenter.swift in Sources */ = {isa = PBXBuildFile; fileRef = 3AE9D6FA21AD82F600CDD307 /* ListRssPresenter.swift */; };
		3AE9D70121AD82F600CDD307 /* ListRssViewController.swift in Sources */ = {isa = PBXBuildFile; fileRef = 3AE9D6FB21AD82F600CDD307 /* ListRssViewController.swift */; };
		3AE9D70221AD82F600CDD307 /* ListRssInteractor.swift in Sources */ = {isa = PBXBuildFile; fileRef = 3AE9D6FC21AD82F600CDD307 /* ListRssInteractor.swift */; };
		3AE9D70321AD82F600CDD307 /* ListRssWireframe.swift in Sources */ = {isa = PBXBuildFile; fileRef = 3AE9D6FD21AD82F600CDD307 /* ListRssWireframe.swift */; };
		3AE9D71821AD880600CDD307 /* ViewInterface.swift in Sources */ = {isa = PBXBuildFile; fileRef = 3AE9D71321AD87A300CDD307 /* ViewInterface.swift */; };
		3AE9D71921AD880600CDD307 /* PresenterInterface.swift in Sources */ = {isa = PBXBuildFile; fileRef = 3AE9D71221AD87A200CDD307 /* PresenterInterface.swift */; };
		3AE9D71A21AD880600CDD307 /* InteractorInterface.swift in Sources */ = {isa = PBXBuildFile; fileRef = 3AE9D71621AD87A300CDD307 /* InteractorInterface.swift */; };
		3AE9D71B21AD880600CDD307 /* BaseWireframe.swift in Sources */ = {isa = PBXBuildFile; fileRef = 3AE9D71521AD87A300CDD307 /* BaseWireframe.swift */; };
		3AE9D71C21AD880600CDD307 /* UIStoryboardExtension.swift in Sources */ = {isa = PBXBuildFile; fileRef = 3AE9D71421AD87A300CDD307 /* UIStoryboardExtension.swift */; };
		3AE9D71E21AD88AE00CDD307 /* Podfile in Resources */ = {isa = PBXBuildFile; fileRef = 3AE9D71D21AD88AE00CDD307 /* Podfile */; };
		3AE9D72321AD916B00CDD307 /* Channel.swift in Sources */ = {isa = PBXBuildFile; fileRef = 3AE9D72221AD916B00CDD307 /* Channel.swift */; };
		3AE9D72521AD91AE00CDD307 /* RSS.swift in Sources */ = {isa = PBXBuildFile; fileRef = 3AE9D72421AD91AE00CDD307 /* RSS.swift */; };
		3AE9D72721AD91C500CDD307 /* Item.swift in Sources */ = {isa = PBXBuildFile; fileRef = 3AE9D72621AD91C500CDD307 /* Item.swift */; };
		3AE9D72921AD931000CDD307 /* Enclosure.swift in Sources */ = {isa = PBXBuildFile; fileRef = 3AE9D72821AD931000CDD307 /* Enclosure.swift */; };
		3AE9D72B21AD955800CDD307 /* GUID.swift in Sources */ = {isa = PBXBuildFile; fileRef = 3AE9D72A21AD955800CDD307 /* GUID.swift */; };
		3AE9D72D21AD957000CDD307 /* Source.swift in Sources */ = {isa = PBXBuildFile; fileRef = 3AE9D72C21AD957000CDD307 /* Source.swift */; };
		3AE9D72F21AD961A00CDD307 /* LinkClass.swift in Sources */ = {isa = PBXBuildFile; fileRef = 3AE9D72E21AD961A00CDD307 /* LinkClass.swift */; };
		3AE9D73121ADA37F00CDD307 /* ListRssService.swift in Sources */ = {isa = PBXBuildFile; fileRef = 3AE9D73021ADA37F00CDD307 /* ListRssService.swift */; };
		3AE9D73421ADA48C00CDD307 /* APIConstants.swift in Sources */ = {isa = PBXBuildFile; fileRef = 3AE9D73321ADA48C00CDD307 /* APIConstants.swift */; };
		3AE9D73621ADA4FB00CDD307 /* APIError.swift in Sources */ = {isa = PBXBuildFile; fileRef = 3AE9D73521ADA4FB00CDD307 /* APIError.swift */; };
		3AE9D73821ADA52800CDD307 /* ErrorMessage.swift in Sources */ = {isa = PBXBuildFile; fileRef = 3AE9D73721ADA52800CDD307 /* ErrorMessage.swift */; };
		3AE9D73A21ADA9F400CDD307 /* XMLParser.swift in Sources */ = {isa = PBXBuildFile; fileRef = 3AE9D73921ADA9F400CDD307 /* XMLParser.swift */; };
		3AE9D73D21ADB31200CDD307 /* WelcomeModel.swift in Sources */ = {isa = PBXBuildFile; fileRef = 3AE9D73C21ADB31200CDD307 /* WelcomeModel.swift */; };
		3AE9D74021ADB62600CDD307 /* ListRSSCell.swift in Sources */ = {isa = PBXBuildFile; fileRef = 3AE9D73F21ADB62600CDD307 /* ListRSSCell.swift */; };
/* End PBXBuildFile section */

/* Begin PBXContainerItemProxy section */
		3AE9D6DC21AD812500CDD307 /* PBXContainerItemProxy */ = {
			isa = PBXContainerItemProxy;
			containerPortal = 3AE9D6BF21AD812400CDD307 /* Project object */;
			proxyType = 1;
			remoteGlobalIDString = 3AE9D6C621AD812400CDD307;
			remoteInfo = rssNasa;
		};
		3AE9D6E721AD812500CDD307 /* PBXContainerItemProxy */ = {
			isa = PBXContainerItemProxy;
			containerPortal = 3AE9D6BF21AD812400CDD307 /* Project object */;
			proxyType = 1;
			remoteGlobalIDString = 3AE9D6C621AD812400CDD307;
			remoteInfo = rssNasa;
		};
/* End PBXContainerItemProxy section */

/* Begin PBXFileReference section */
		3A7FCEB221ADC05500E91B76 /* Section.swift */ = {isa = PBXFileReference; lastKnownFileType = sourcecode.swift; path = Section.swift; sourceTree = "<group>"; };
		3A7FCEB521ADC6AF00E91B76 /* ListRSSNavigationController.swift */ = {isa = PBXFileReference; lastKnownFileType = sourcecode.swift; path = ListRSSNavigationController.swift; sourceTree = "<group>"; };
		3AE9D6C721AD812400CDD307 /* rssNasa.app */ = {isa = PBXFileReference; explicitFileType = wrapper.application; includeInIndex = 0; path = rssNasa.app; sourceTree = BUILT_PRODUCTS_DIR; };
		3AE9D6CA21AD812400CDD307 /* AppDelegate.swift */ = {isa = PBXFileReference; lastKnownFileType = sourcecode.swift; path = AppDelegate.swift; sourceTree = "<group>"; };
		3AE9D6D121AD812500CDD307 /* Assets.xcassets */ = {isa = PBXFileReference; lastKnownFileType = folder.assetcatalog; path = Assets.xcassets; sourceTree = "<group>"; };
		3AE9D6D421AD812500CDD307 /* Base */ = {isa = PBXFileReference; lastKnownFileType = file.storyboard; name = Base; path = Base.lproj/LaunchScreen.storyboard; sourceTree = "<group>"; };
		3AE9D6D621AD812500CDD307 /* Info.plist */ = {isa = PBXFileReference; lastKnownFileType = text.plist.xml; path = Info.plist; sourceTree = "<group>"; };
		3AE9D6DB21AD812500CDD307 /* rssNasaTests.xctest */ = {isa = PBXFileReference; explicitFileType = wrapper.cfbundle; includeInIndex = 0; path = rssNasaTests.xctest; sourceTree = BUILT_PRODUCTS_DIR; };
		3AE9D6DF21AD812500CDD307 /* rssNasaTests.swift */ = {isa = PBXFileReference; lastKnownFileType = sourcecode.swift; path = rssNasaTests.swift; sourceTree = "<group>"; };
		3AE9D6E121AD812500CDD307 /* Info.plist */ = {isa = PBXFileReference; lastKnownFileType = text.plist.xml; path = Info.plist; sourceTree = "<group>"; };
		3AE9D6E621AD812500CDD307 /* rssNasaUITests.xctest */ = {isa = PBXFileReference; explicitFileType = wrapper.cfbundle; includeInIndex = 0; path = rssNasaUITests.xctest; sourceTree = BUILT_PRODUCTS_DIR; };
		3AE9D6EA21AD812500CDD307 /* rssNasaUITests.swift */ = {isa = PBXFileReference; lastKnownFileType = sourcecode.swift; path = rssNasaUITests.swift; sourceTree = "<group>"; };
		3AE9D6EC21AD812500CDD307 /* Info.plist */ = {isa = PBXFileReference; lastKnownFileType = text.plist.xml; path = Info.plist; sourceTree = "<group>"; };
		3AE9D6F821AD82F600CDD307 /* ListRss.storyboard */ = {isa = PBXFileReference; lastKnownFileType = file.storyboard; path = ListRss.storyboard; sourceTree = "<group>"; };
		3AE9D6F921AD82F600CDD307 /* ListRssInterfaces.swift */ = {isa = PBXFileReference; lastKnownFileType = sourcecode.swift; path = ListRssInterfaces.swift; sourceTree = "<group>"; };
		3AE9D6FA21AD82F600CDD307 /* ListRssPresenter.swift */ = {isa = PBXFileReference; lastKnownFileType = sourcecode.swift; path = ListRssPresenter.swift; sourceTree = "<group>"; };
		3AE9D6FB21AD82F600CDD307 /* ListRssViewController.swift */ = {isa = PBXFileReference; lastKnownFileType = sourcecode.swift; path = ListRssViewController.swift; sourceTree = "<group>"; };
		3AE9D6FC21AD82F600CDD307 /* ListRssInteractor.swift */ = {isa = PBXFileReference; lastKnownFileType = sourcecode.swift; path = ListRssInteractor.swift; sourceTree = "<group>"; };
		3AE9D6FD21AD82F600CDD307 /* ListRssWireframe.swift */ = {isa = PBXFileReference; lastKnownFileType = sourcecode.swift; path = ListRssWireframe.swift; sourceTree = "<group>"; };
		3AE9D71221AD87A200CDD307 /* PresenterInterface.swift */ = {isa = PBXFileReference; lastKnownFileType = sourcecode.swift; path = PresenterInterface.swift; sourceTree = "<group>"; };
		3AE9D71321AD87A300CDD307 /* ViewInterface.swift */ = {isa = PBXFileReference; lastKnownFileType = sourcecode.swift; path = ViewInterface.swift; sourceTree = "<group>"; };
		3AE9D71421AD87A300CDD307 /* UIStoryboardExtension.swift */ = {isa = PBXFileReference; lastKnownFileType = sourcecode.swift; path = UIStoryboardExtension.swift; sourceTree = "<group>"; };
		3AE9D71521AD87A300CDD307 /* BaseWireframe.swift */ = {isa = PBXFileReference; lastKnownFileType = sourcecode.swift; path = BaseWireframe.swift; sourceTree = "<group>"; };
		3AE9D71621AD87A300CDD307 /* InteractorInterface.swift */ = {isa = PBXFileReference; lastKnownFileType = sourcecode.swift; path = InteractorInterface.swift; sourceTree = "<group>"; };
		3AE9D71D21AD88AE00CDD307 /* Podfile */ = {isa = PBXFileReference; lastKnownFileType = text; path = Podfile; sourceTree = "<group>"; xcLanguageSpecificationIdentifier = xcode.lang.ruby; };
		3AE9D72221AD916B00CDD307 /* Channel.swift */ = {isa = PBXFileReference; lastKnownFileType = sourcecode.swift; path = Channel.swift; sourceTree = "<group>"; };
		3AE9D72421AD91AE00CDD307 /* RSS.swift */ = {isa = PBXFileReference; lastKnownFileType = sourcecode.swift; path = RSS.swift; sourceTree = "<group>"; };
		3AE9D72621AD91C500CDD307 /* Item.swift */ = {isa = PBXFileReference; lastKnownFileType = sourcecode.swift; path = Item.swift; sourceTree = "<group>"; };
		3AE9D72821AD931000CDD307 /* Enclosure.swift */ = {isa = PBXFileReference; lastKnownFileType = sourcecode.swift; path = Enclosure.swift; sourceTree = "<group>"; };
		3AE9D72A21AD955800CDD307 /* GUID.swift */ = {isa = PBXFileReference; lastKnownFileType = sourcecode.swift; path = GUID.swift; sourceTree = "<group>"; };
		3AE9D72C21AD957000CDD307 /* Source.swift */ = {isa = PBXFileReference; lastKnownFileType = sourcecode.swift; path = Source.swift; sourceTree = "<group>"; };
		3AE9D72E21AD961A00CDD307 /* LinkClass.swift */ = {isa = PBXFileReference; lastKnownFileType = sourcecode.swift; path = LinkClass.swift; sourceTree = "<group>"; };
		3AE9D73021ADA37F00CDD307 /* ListRssService.swift */ = {isa = PBXFileReference; lastKnownFileType = sourcecode.swift; path = ListRssService.swift; sourceTree = "<group>"; };
		3AE9D73321ADA48C00CDD307 /* APIConstants.swift */ = {isa = PBXFileReference; lastKnownFileType = sourcecode.swift; path = APIConstants.swift; sourceTree = "<group>"; };
		3AE9D73521ADA4FB00CDD307 /* APIError.swift */ = {isa = PBXFileReference; lastKnownFileType = sourcecode.swift; path = APIError.swift; sourceTree = "<group>"; };
		3AE9D73721ADA52800CDD307 /* ErrorMessage.swift */ = {isa = PBXFileReference; lastKnownFileType = sourcecode.swift; path = ErrorMessage.swift; sourceTree = "<group>"; };
		3AE9D73921ADA9F400CDD307 /* XMLParser.swift */ = {isa = PBXFileReference; lastKnownFileType = sourcecode.swift; path = XMLParser.swift; sourceTree = "<group>"; };
		3AE9D73C21ADB31200CDD307 /* WelcomeModel.swift */ = {isa = PBXFileReference; lastKnownFileType = sourcecode.swift; path = WelcomeModel.swift; sourceTree = "<group>"; };
		3AE9D73F21ADB62600CDD307 /* ListRSSCell.swift */ = {isa = PBXFileReference; lastKnownFileType = sourcecode.swift; path = ListRSSCell.swift; sourceTree = "<group>"; };
		72A0C9C915DDD93503AF1E08 /* Pods-rssNasa.debug.xcconfig */ = {isa = PBXFileReference; includeInIndex = 1; lastKnownFileType = text.xcconfig; name = "Pods-rssNasa.debug.xcconfig"; path = "Pods/Target Support Files/Pods-rssNasa/Pods-rssNasa.debug.xcconfig"; sourceTree = "<group>"; };
		737BDFDE70CD25E62CC71547 /* Pods_rssNasa.framework */ = {isa = PBXFileReference; explicitFileType = wrapper.framework; includeInIndex = 0; path = Pods_rssNasa.framework; sourceTree = BUILT_PRODUCTS_DIR; };
		F02B8F634E5BB68C10D65FD5 /* Pods-rssNasa.release.xcconfig */ = {isa = PBXFileReference; includeInIndex = 1; lastKnownFileType = text.xcconfig; name = "Pods-rssNasa.release.xcconfig"; path = "Pods/Target Support Files/Pods-rssNasa/Pods-rssNasa.release.xcconfig"; sourceTree = "<group>"; };
/* End PBXFileReference section */

/* Begin PBXFrameworksBuildPhase section */
		3AE9D6C421AD812400CDD307 /* Frameworks */ = {
			isa = PBXFrameworksBuildPhase;
			buildActionMask = 2147483647;
			files = (
				00236D293CD6211D1AF33A51 /* Pods_rssNasa.framework in Frameworks */,
			);
			runOnlyForDeploymentPostprocessing = 0;
		};
		3AE9D6D821AD812500CDD307 /* Frameworks */ = {
			isa = PBXFrameworksBuildPhase;
			buildActionMask = 2147483647;
			files = (
			);
			runOnlyForDeploymentPostprocessing = 0;
		};
		3AE9D6E321AD812500CDD307 /* Frameworks */ = {
			isa = PBXFrameworksBuildPhase;
			buildActionMask = 2147483647;
			files = (
			);
			runOnlyForDeploymentPostprocessing = 0;
		};
/* End PBXFrameworksBuildPhase section */

/* Begin PBXGroup section */
		3A7FCEB421ADC62200E91B76 /* VIPER V2 */ = {
			isa = PBXGroup;
			children = (
				3AE9D71521AD87A300CDD307 /* BaseWireframe.swift */,
				3AE9D71621AD87A300CDD307 /* InteractorInterface.swift */,
				3AE9D71221AD87A200CDD307 /* PresenterInterface.swift */,
				3AE9D71421AD87A300CDD307 /* UIStoryboardExtension.swift */,
				3AE9D71321AD87A300CDD307 /* ViewInterface.swift */,
			);
			path = "VIPER V2";
			sourceTree = "<group>";
		};
		3AE9D6BE21AD812400CDD307 = {
			isa = PBXGroup;
			children = (
				3AE9D71D21AD88AE00CDD307 /* Podfile */,
				3AE9D6C921AD812400CDD307 /* rssNasa */,
				3AE9D6DE21AD812500CDD307 /* rssNasaTests */,
				3AE9D6E921AD812500CDD307 /* rssNasaUITests */,
				3AE9D6C821AD812400CDD307 /* Products */,
				55CC65D36906D25881B6C2B5 /* Pods */,
				6D742A42673A0D7B41AC7729 /* Frameworks */,
			);
			sourceTree = "<group>";
		};
		3AE9D6C821AD812400CDD307 /* Products */ = {
			isa = PBXGroup;
			children = (
				3AE9D6C721AD812400CDD307 /* rssNasa.app */,
				3AE9D6DB21AD812500CDD307 /* rssNasaTests.xctest */,
				3AE9D6E621AD812500CDD307 /* rssNasaUITests.xctest */,
			);
			name = Products;
			sourceTree = "<group>";
		};
		3AE9D6C921AD812400CDD307 /* rssNasa */ = {
			isa = PBXGroup;
			children = (
				3A7FCEB421ADC62200E91B76 /* VIPER V2 */,
				3AE9D73221ADA44000CDD307 /* Shared */,
				3AE9D70421AD831900CDD307 /* ListRss */,
				3AE9D6CA21AD812400CDD307 /* AppDelegate.swift */,
				3AE9D6D121AD812500CDD307 /* Assets.xcassets */,
				3AE9D6D321AD812500CDD307 /* LaunchScreen.storyboard */,
				3AE9D6D621AD812500CDD307 /* Info.plist */,
			);
			path = rssNasa;
			sourceTree = "<group>";
		};
		3AE9D6DE21AD812500CDD307 /* rssNasaTests */ = {
			isa = PBXGroup;
			children = (
				3AE9D6DF21AD812500CDD307 /* rssNasaTests.swift */,
				3AE9D6E121AD812500CDD307 /* Info.plist */,
			);
			path = rssNasaTests;
			sourceTree = "<group>";
		};
		3AE9D6E921AD812500CDD307 /* rssNasaUITests */ = {
			isa = PBXGroup;
			children = (
				3AE9D6EA21AD812500CDD307 /* rssNasaUITests.swift */,
				3AE9D6EC21AD812500CDD307 /* Info.plist */,
			);
			path = rssNasaUITests;
			sourceTree = "<group>";
		};
		3AE9D70421AD831900CDD307 /* ListRss */ = {
			isa = PBXGroup;
			children = (
				3AE9D73E21ADB60600CDD307 /* Cell */,
				3AE9D73B21ADAF9700CDD307 /* Service */,
				3AE9D71F21AD910A00CDD307 /* Models */,
				3AE9D6F821AD82F600CDD307 /* ListRss.storyboard */,
				3AE9D6F921AD82F600CDD307 /* ListRssInterfaces.swift */,
				3AE9D6FA21AD82F600CDD307 /* ListRssPresenter.swift */,
				3AE9D6FB21AD82F600CDD307 /* ListRssViewController.swift */,
				3AE9D6FC21AD82F600CDD307 /* ListRssInteractor.swift */,
				3AE9D6FD21AD82F600CDD307 /* ListRssWireframe.swift */,
			);
			name = ListRss;
			path = "New Group";
			sourceTree = "<group>";
		};
		3AE9D71F21AD910A00CDD307 /* Models */ = {
			isa = PBXGroup;
			children = (
				3AE9D73C21ADB31200CDD307 /* WelcomeModel.swift */,
				3AE9D72421AD91AE00CDD307 /* RSS.swift */,
				3AE9D72221AD916B00CDD307 /* Channel.swift */,
				3AE9D72621AD91C500CDD307 /* Item.swift */,
				3AE9D72821AD931000CDD307 /* Enclosure.swift */,
				3AE9D72A21AD955800CDD307 /* GUID.swift */,
				3AE9D72C21AD957000CDD307 /* Source.swift */,
				3AE9D72E21AD961A00CDD307 /* LinkClass.swift */,
			);
			path = Models;
			sourceTree = "<group>";
		};
		3AE9D73221ADA44000CDD307 /* Shared */ = {
			isa = PBXGroup;
			children = (
				3AE9D73321ADA48C00CDD307 /* APIConstants.swift */,
				3AE9D73521ADA4FB00CDD307 /* APIError.swift */,
				3AE9D73721ADA52800CDD307 /* ErrorMessage.swift */,
				3AE9D73921ADA9F400CDD307 /* XMLParser.swift */,
				3A7FCEB521ADC6AF00E91B76 /* ListRSSNavigationController.swift */,
			);
			path = Shared;
			sourceTree = "<group>";
		};
		3AE9D73B21ADAF9700CDD307 /* Service */ = {
			isa = PBXGroup;
			children = (
				3AE9D73021ADA37F00CDD307 /* ListRssService.swift */,
			);
			path = Service;
			sourceTree = "<group>";
		};
		3AE9D73E21ADB60600CDD307 /* Cell */ = {
			isa = PBXGroup;
			children = (
				3AE9D73F21ADB62600CDD307 /* ListRSSCell.swift */,
				3A7FCEB221ADC05500E91B76 /* Section.swift */,
			);
			path = Cell;
			sourceTree = "<group>";
		};
		55CC65D36906D25881B6C2B5 /* Pods */ = {
			isa = PBXGroup;
			children = (
				72A0C9C915DDD93503AF1E08 /* Pods-rssNasa.debug.xcconfig */,
				F02B8F634E5BB68C10D65FD5 /* Pods-rssNasa.release.xcconfig */,
			);
			name = Pods;
			sourceTree = "<group>";
		};
		6D742A42673A0D7B41AC7729 /* Frameworks */ = {
			isa = PBXGroup;
			children = (
				737BDFDE70CD25E62CC71547 /* Pods_rssNasa.framework */,
			);
			name = Frameworks;
			sourceTree = "<group>";
		};
/* End PBXGroup section */

/* Begin PBXNativeTarget section */
		3AE9D6C621AD812400CDD307 /* rssNasa */ = {
			isa = PBXNativeTarget;
			buildConfigurationList = 3AE9D6EF21AD812500CDD307 /* Build configuration list for PBXNativeTarget "rssNasa" */;
			buildPhases = (
				8F265C3D766E8136D5369EF0 /* [CP] Check Pods Manifest.lock */,
				3AE9D6C321AD812400CDD307 /* Sources */,
				3AE9D6C421AD812400CDD307 /* Frameworks */,
				3AE9D6C521AD812400CDD307 /* Resources */,
				8C2F7067907EEED12302F307 /* [CP] Embed Pods Frameworks */,
			);
			buildRules = (
			);
			dependencies = (
			);
			name = rssNasa;
			productName = rssNasa;
			productReference = 3AE9D6C721AD812400CDD307 /* rssNasa.app */;
			productType = "com.apple.product-type.application";
		};
		3AE9D6DA21AD812500CDD307 /* rssNasaTests */ = {
			isa = PBXNativeTarget;
			buildConfigurationList = 3AE9D6F221AD812500CDD307 /* Build configuration list for PBXNativeTarget "rssNasaTests" */;
			buildPhases = (
				3AE9D6D721AD812500CDD307 /* Sources */,
				3AE9D6D821AD812500CDD307 /* Frameworks */,
				3AE9D6D921AD812500CDD307 /* Resources */,
			);
			buildRules = (
			);
			dependencies = (
				3AE9D6DD21AD812500CDD307 /* PBXTargetDependency */,
			);
			name = rssNasaTests;
			productName = rssNasaTests;
			productReference = 3AE9D6DB21AD812500CDD307 /* rssNasaTests.xctest */;
			productType = "com.apple.product-type.bundle.unit-test";
		};
		3AE9D6E521AD812500CDD307 /* rssNasaUITests */ = {
			isa = PBXNativeTarget;
			buildConfigurationList = 3AE9D6F521AD812500CDD307 /* Build configuration list for PBXNativeTarget "rssNasaUITests" */;
			buildPhases = (
				3AE9D6E221AD812500CDD307 /* Sources */,
				3AE9D6E321AD812500CDD307 /* Frameworks */,
				3AE9D6E421AD812500CDD307 /* Resources */,
			);
			buildRules = (
			);
			dependencies = (
				3AE9D6E821AD812500CDD307 /* PBXTargetDependency */,
			);
			name = rssNasaUITests;
			productName = rssNasaUITests;
			productReference = 3AE9D6E621AD812500CDD307 /* rssNasaUITests.xctest */;
			productType = "com.apple.product-type.bundle.ui-testing";
		};
/* End PBXNativeTarget section */

/* Begin PBXProject section */
		3AE9D6BF21AD812400CDD307 /* Project object */ = {
			isa = PBXProject;
			attributes = {
				LastSwiftUpdateCheck = 1010;
				LastUpgradeCheck = 1010;
				ORGANIZATIONNAME = Denis;
				TargetAttributes = {
					3AE9D6C621AD812400CDD307 = {
						CreatedOnToolsVersion = 10.1;
					};
					3AE9D6DA21AD812500CDD307 = {
						CreatedOnToolsVersion = 10.1;
						TestTargetID = 3AE9D6C621AD812400CDD307;
					};
					3AE9D6E521AD812500CDD307 = {
						CreatedOnToolsVersion = 10.1;
						TestTargetID = 3AE9D6C621AD812400CDD307;
					};
				};
			};
			buildConfigurationList = 3AE9D6C221AD812400CDD307 /* Build configuration list for PBXProject "rssNasa" */;
			compatibilityVersion = "Xcode 9.3";
			developmentRegion = en;
			hasScannedForEncodings = 0;
			knownRegions = (
				en,
				Base,
			);
			mainGroup = 3AE9D6BE21AD812400CDD307;
			productRefGroup = 3AE9D6C821AD812400CDD307 /* Products */;
			projectDirPath = "";
			projectRoot = "";
			targets = (
				3AE9D6C621AD812400CDD307 /* rssNasa */,
				3AE9D6DA21AD812500CDD307 /* rssNasaTests */,
				3AE9D6E521AD812500CDD307 /* rssNasaUITests */,
			);
		};
/* End PBXProject section */

/* Begin PBXResourcesBuildPhase section */
		3AE9D6C521AD812400CDD307 /* Resources */ = {
			isa = PBXResourcesBuildPhase;
			buildActionMask = 2147483647;
			files = (
				3AE9D6D521AD812500CDD307 /* LaunchScreen.storyboard in Resources */,
				3AE9D6D221AD812500CDD307 /* Assets.xcassets in Resources */,
				3AE9D71E21AD88AE00CDD307 /* Podfile in Resources */,
				3AE9D6FE21AD82F600CDD307 /* ListRss.storyboard in Resources */,
			);
			runOnlyForDeploymentPostprocessing = 0;
		};
		3AE9D6D921AD812500CDD307 /* Resources */ = {
			isa = PBXResourcesBuildPhase;
			buildActionMask = 2147483647;
			files = (
			);
			runOnlyForDeploymentPostprocessing = 0;
		};
		3AE9D6E421AD812500CDD307 /* Resources */ = {
			isa = PBXResourcesBuildPhase;
			buildActionMask = 2147483647;
			files = (
			);
			runOnlyForDeploymentPostprocessing = 0;
		};
/* End PBXResourcesBuildPhase section */

/* Begin PBXShellScriptBuildPhase section */
		8C2F7067907EEED12302F307 /* [CP] Embed Pods Frameworks */ = {
			isa = PBXShellScriptBuildPhase;
			buildActionMask = 2147483647;
			files = (
			);
			inputFileListPaths = (
			);
			inputPaths = (
				"${SRCROOT}/Pods/Target Support Files/Pods-rssNasa/Pods-rssNasa-frameworks.sh",
				"${BUILT_PRODUCTS_DIR}/Alamofire/Alamofire.framework",
				"${BUILT_PRODUCTS_DIR}/XMLMapper/XMLMapper.framework",
			);
			name = "[CP] Embed Pods Frameworks";
			outputFileListPaths = (
			);
			outputPaths = (
				"${TARGET_BUILD_DIR}/${FRAMEWORKS_FOLDER_PATH}/Alamofire.framework",
				"${TARGET_BUILD_DIR}/${FRAMEWORKS_FOLDER_PATH}/XMLMapper.framework",
			);
			runOnlyForDeploymentPostprocessing = 0;
			shellPath = /bin/sh;
			shellScript = "\"${SRCROOT}/Pods/Target Support Files/Pods-rssNasa/Pods-rssNasa-frameworks.sh\"\n";
			showEnvVarsInLog = 0;
		};
		8F265C3D766E8136D5369EF0 /* [CP] Check Pods Manifest.lock */ = {
			isa = PBXShellScriptBuildPhase;
			buildActionMask = 2147483647;
			files = (
			);
			inputFileListPaths = (
			);
			inputPaths = (
				"${PODS_PODFILE_DIR_PATH}/Podfile.lock",
				"${PODS_ROOT}/Manifest.lock",
			);
			name = "[CP] Check Pods Manifest.lock";
			outputFileListPaths = (
			);
			outputPaths = (
				"$(DERIVED_FILE_DIR)/Pods-rssNasa-checkManifestLockResult.txt",
			);
			runOnlyForDeploymentPostprocessing = 0;
			shellPath = /bin/sh;
			shellScript = "diff \"${PODS_PODFILE_DIR_PATH}/Podfile.lock\" \"${PODS_ROOT}/Manifest.lock\" > /dev/null\nif [ $? != 0 ] ; then\n    # print error to STDERR\n    echo \"error: The sandbox is not in sync with the Podfile.lock. Run 'pod install' or update your CocoaPods installation.\" >&2\n    exit 1\nfi\n# This output is used by Xcode 'outputs' to avoid re-running this script phase.\necho \"SUCCESS\" > \"${SCRIPT_OUTPUT_FILE_0}\"\n";
			showEnvVarsInLog = 0;
		};
/* End PBXShellScriptBuildPhase section */

/* Begin PBXSourcesBuildPhase section */
		3AE9D6C321AD812400CDD307 /* Sources */ = {
			isa = PBXSourcesBuildPhase;
			buildActionMask = 2147483647;
			files = (
				3AE9D72921AD931000CDD307 /* Enclosure.swift in Sources */,
				3A7FCEB621ADC6AF00E91B76 /* ListRSSNavigationController.swift in Sources */,
				3AE9D74021ADB62600CDD307 /* ListRSSCell.swift in Sources */,
				3AE9D6FF21AD82F600CDD307 /* ListRssInterfaces.swift in Sources */,
				3AE9D73821ADA52800CDD307 /* ErrorMessage.swift in Sources */,
				3AE9D72321AD916B00CDD307 /* Channel.swift in Sources */,
				3AE9D72521AD91AE00CDD307 /* RSS.swift in Sources */,
				3AE9D71B21AD880600CDD307 /* BaseWireframe.swift in Sources */,
				3A7FCEB321ADC05500E91B76 /* Section.swift in Sources */,
				3AE9D73A21ADA9F400CDD307 /* XMLParser.swift in Sources */,
				3AE9D72721AD91C500CDD307 /* Item.swift in Sources */,
				3AE9D70121AD82F600CDD307 /* ListRssViewController.swift in Sources */,
				3AE9D72D21AD957000CDD307 /* Source.swift in Sources */,
				3AE9D70221AD82F600CDD307 /* ListRssInteractor.swift in Sources */,
				3AE9D73121ADA37F00CDD307 /* ListRssService.swift in Sources */,
				3AE9D70321AD82F600CDD307 /* ListRssWireframe.swift in Sources */,
				3AE9D71921AD880600CDD307 /* PresenterInterface.swift in Sources */,
				3AE9D71C21AD880600CDD307 /* UIStoryboardExtension.swift in Sources */,
				3AE9D71821AD880600CDD307 /* ViewInterface.swift in Sources */,
				3AE9D71A21AD880600CDD307 /* InteractorInterface.swift in Sources */,
				3AE9D6CB21AD812400CDD307 /* AppDelegate.swift in Sources */,
				3AE9D73D21ADB31200CDD307 /* WelcomeModel.swift in Sources */,
				3AE9D73421ADA48C00CDD307 /* APIConstants.swift in Sources */,
				3AE9D72B21AD955800CDD307 /* GUID.swift in Sources */,
				3AE9D72F21AD961A00CDD307 /* LinkClass.swift in Sources */,
				3AE9D70021AD82F600CDD307 /* ListRssPresenter.swift in Sources */,
				3AE9D73621ADA4FB00CDD307 /* APIError.swift in Sources */,
			);
			runOnlyForDeploymentPostprocessing = 0;
		};
		3AE9D6D721AD812500CDD307 /* Sources */ = {
			isa = PBXSourcesBuildPhase;
			buildActionMask = 2147483647;
			files = (
				3AE9D6E021AD812500CDD307 /* rssNasaTests.swift in Sources */,
			);
			runOnlyForDeploymentPostprocessing = 0;
		};
		3AE9D6E221AD812500CDD307 /* Sources */ = {
			isa = PBXSourcesBuildPhase;
			buildActionMask = 2147483647;
			files = (
				3AE9D6EB21AD812500CDD307 /* rssNasaUITests.swift in Sources */,
			);
			runOnlyForDeploymentPostprocessing = 0;
		};
/* End PBXSourcesBuildPhase section */

/* Begin PBXTargetDependency section */
		3AE9D6DD21AD812500CDD307 /* PBXTargetDependency */ = {
			isa = PBXTargetDependency;
			target = 3AE9D6C621AD812400CDD307 /* rssNasa */;
			targetProxy = 3AE9D6DC21AD812500CDD307 /* PBXContainerItemProxy */;
		};
		3AE9D6E821AD812500CDD307 /* PBXTargetDependency */ = {
			isa = PBXTargetDependency;
			target = 3AE9D6C621AD812400CDD307 /* rssNasa */;
			targetProxy = 3AE9D6E721AD812500CDD307 /* PBXContainerItemProxy */;
		};
/* End PBXTargetDependency section */

/* Begin PBXVariantGroup section */
		3AE9D6D321AD812500CDD307 /* LaunchScreen.storyboard */ = {
			isa = PBXVariantGroup;
			children = (
				3AE9D6D421AD812500CDD307 /* Base */,
			);
			name = LaunchScreen.storyboard;
			sourceTree = "<group>";
		};
/* End PBXVariantGroup section */

/* Begin XCBuildConfiguration section */
		3AE9D6ED21AD812500CDD307 /* Debug */ = {
			isa = XCBuildConfiguration;
			buildSettings = {
				ALWAYS_SEARCH_USER_PATHS = NO;
				CLANG_ANALYZER_NONNULL = YES;
				CLANG_ANALYZER_NUMBER_OBJECT_CONVERSION = YES_AGGRESSIVE;
				CLANG_CXX_LANGUAGE_STANDARD = "gnu++14";
				CLANG_CXX_LIBRARY = "libc++";
				CLANG_ENABLE_MODULES = YES;
				CLANG_ENABLE_OBJC_ARC = YES;
				CLANG_ENABLE_OBJC_WEAK = YES;
				CLANG_WARN_BLOCK_CAPTURE_AUTORELEASING = YES;
				CLANG_WARN_BOOL_CONVERSION = YES;
				CLANG_WARN_COMMA = YES;
				CLANG_WARN_CONSTANT_CONVERSION = YES;
				CLANG_WARN_DEPRECATED_OBJC_IMPLEMENTATIONS = YES;
				CLANG_WARN_DIRECT_OBJC_ISA_USAGE = YES_ERROR;
				CLANG_WARN_DOCUMENTATION_COMMENTS = YES;
				CLANG_WARN_EMPTY_BODY = YES;
				CLANG_WARN_ENUM_CONVERSION = YES;
				CLANG_WARN_INFINITE_RECURSION = YES;
				CLANG_WARN_INT_CONVERSION = YES;
				CLANG_WARN_NON_LITERAL_NULL_CONVERSION = YES;
				CLANG_WARN_OBJC_IMPLICIT_RETAIN_SELF = YES;
				CLANG_WARN_OBJC_LITERAL_CONVERSION = YES;
				CLANG_WARN_OBJC_ROOT_CLASS = YES_ERROR;
				CLANG_WARN_RANGE_LOOP_ANALYSIS = YES;
				CLANG_WARN_STRICT_PROTOTYPES = YES;
				CLANG_WARN_SUSPICIOUS_MOVE = YES;
				CLANG_WARN_UNGUARDED_AVAILABILITY = YES_AGGRESSIVE;
				CLANG_WARN_UNREACHABLE_CODE = YES;
				CLANG_WARN__DUPLICATE_METHOD_MATCH = YES;
				CODE_SIGN_IDENTITY = "iPhone Developer";
				COPY_PHASE_STRIP = NO;
				DEBUG_INFORMATION_FORMAT = dwarf;
				ENABLE_STRICT_OBJC_MSGSEND = YES;
				ENABLE_TESTABILITY = YES;
				GCC_C_LANGUAGE_STANDARD = gnu11;
				GCC_DYNAMIC_NO_PIC = NO;
				GCC_NO_COMMON_BLOCKS = YES;
				GCC_OPTIMIZATION_LEVEL = 0;
				GCC_PREPROCESSOR_DEFINITIONS = (
					"DEBUG=1",
					"$(inherited)",
				);
				GCC_WARN_64_TO_32_BIT_CONVERSION = YES;
				GCC_WARN_ABOUT_RETURN_TYPE = YES_ERROR;
				GCC_WARN_UNDECLARED_SELECTOR = YES;
				GCC_WARN_UNINITIALIZED_AUTOS = YES_AGGRESSIVE;
				GCC_WARN_UNUSED_FUNCTION = YES;
				GCC_WARN_UNUSED_VARIABLE = YES;
				IPHONEOS_DEPLOYMENT_TARGET = 12.1;
				MTL_ENABLE_DEBUG_INFO = INCLUDE_SOURCE;
				MTL_FAST_MATH = YES;
				ONLY_ACTIVE_ARCH = YES;
				SDKROOT = iphoneos;
				SWIFT_ACTIVE_COMPILATION_CONDITIONS = DEBUG;
				SWIFT_OPTIMIZATION_LEVEL = "-Onone";
			};
			name = Debug;
		};
		3AE9D6EE21AD812500CDD307 /* Release */ = {
			isa = XCBuildConfiguration;
			buildSettings = {
				ALWAYS_SEARCH_USER_PATHS = NO;
				CLANG_ANALYZER_NONNULL = YES;
				CLANG_ANALYZER_NUMBER_OBJECT_CONVERSION = YES_AGGRESSIVE;
				CLANG_CXX_LANGUAGE_STANDARD = "gnu++14";
				CLANG_CXX_LIBRARY = "libc++";
				CLANG_ENABLE_MODULES = YES;
				CLANG_ENABLE_OBJC_ARC = YES;
				CLANG_ENABLE_OBJC_WEAK = YES;
				CLANG_WARN_BLOCK_CAPTURE_AUTORELEASING = YES;
				CLANG_WARN_BOOL_CONVERSION = YES;
				CLANG_WARN_COMMA = YES;
				CLANG_WARN_CONSTANT_CONVERSION = YES;
				CLANG_WARN_DEPRECATED_OBJC_IMPLEMENTATIONS = YES;
				CLANG_WARN_DIRECT_OBJC_ISA_USAGE = YES_ERROR;
				CLANG_WARN_DOCUMENTATION_COMMENTS = YES;
				CLANG_WARN_EMPTY_BODY = YES;
				CLANG_WARN_ENUM_CONVERSION = YES;
				CLANG_WARN_INFINITE_RECURSION = YES;
				CLANG_WARN_INT_CONVERSION = YES;
				CLANG_WARN_NON_LITERAL_NULL_CONVERSION = YES;
				CLANG_WARN_OBJC_IMPLICIT_RETAIN_SELF = YES;
				CLANG_WARN_OBJC_LITERAL_CONVERSION = YES;
				CLANG_WARN_OBJC_ROOT_CLASS = YES_ERROR;
				CLANG_WARN_RANGE_LOOP_ANALYSIS = YES;
				CLANG_WARN_STRICT_PROTOTYPES = YES;
				CLANG_WARN_SUSPICIOUS_MOVE = YES;
				CLANG_WARN_UNGUARDED_AVAILABILITY = YES_AGGRESSIVE;
				CLANG_WARN_UNREACHABLE_CODE = YES;
				CLANG_WARN__DUPLICATE_METHOD_MATCH = YES;
				CODE_SIGN_IDENTITY = "iPhone Developer";
				COPY_PHASE_STRIP = NO;
				DEBUG_INFORMATION_FORMAT = "dwarf-with-dsym";
				ENABLE_NS_ASSERTIONS = NO;
				ENABLE_STRICT_OBJC_MSGSEND = YES;
				GCC_C_LANGUAGE_STANDARD = gnu11;
				GCC_NO_COMMON_BLOCKS = YES;
				GCC_WARN_64_TO_32_BIT_CONVERSION = YES;
				GCC_WARN_ABOUT_RETURN_TYPE = YES_ERROR;
				GCC_WARN_UNDECLARED_SELECTOR = YES;
				GCC_WARN_UNINITIALIZED_AUTOS = YES_AGGRESSIVE;
				GCC_WARN_UNUSED_FUNCTION = YES;
				GCC_WARN_UNUSED_VARIABLE = YES;
				IPHONEOS_DEPLOYMENT_TARGET = 12.1;
				MTL_ENABLE_DEBUG_INFO = NO;
				MTL_FAST_MATH = YES;
				SDKROOT = iphoneos;
				SWIFT_COMPILATION_MODE = wholemodule;
				SWIFT_OPTIMIZATION_LEVEL = "-O";
				VALIDATE_PRODUCT = YES;
			};
			name = Release;
		};
		3AE9D6F021AD812500CDD307 /* Debug */ = {
			isa = XCBuildConfiguration;
			baseConfigurationReference = 72A0C9C915DDD93503AF1E08 /* Pods-rssNasa.debug.xcconfig */;
			buildSettings = {
				ASSETCATALOG_COMPILER_APPICON_NAME = AppIcon;
				CODE_SIGN_STYLE = Automatic;
				INFOPLIST_FILE = rssNasa/Info.plist;
				IPHONEOS_DEPLOYMENT_TARGET = 10.2;
				LD_RUNPATH_SEARCH_PATHS = (
					"$(inherited)",
					"@executable_path/Frameworks",
				);
				PRODUCT_BUNDLE_IDENTIFIER = com.denis.rssNasa;
				PRODUCT_NAME = "$(TARGET_NAME)";
				SWIFT_VERSION = 4.2;
				TARGETED_DEVICE_FAMILY = 1;
			};
			name = Debug;
		};
		3AE9D6F121AD812500CDD307 /* Release */ = {
			isa = XCBuildConfiguration;
			baseConfigurationReference = F02B8F634E5BB68C10D65FD5 /* Pods-rssNasa.release.xcconfig */;
			buildSettings = {
				ASSETCATALOG_COMPILER_APPICON_NAME = AppIcon;
				CODE_SIGN_STYLE = Automatic;
				INFOPLIST_FILE = rssNasa/Info.plist;
				IPHONEOS_DEPLOYMENT_TARGET = 10.2;
				LD_RUNPATH_SEARCH_PATHS = (
					"$(inherited)",
					"@executable_path/Frameworks",
				);
				PRODUCT_BUNDLE_IDENTIFIER = com.denis.rssNasa;
				PRODUCT_NAME = "$(TARGET_NAME)";
				SWIFT_VERSION = 4.2;
				TARGETED_DEVICE_FAMILY = 1;
			};
			name = Release;
		};
		3AE9D6F321AD812500CDD307 /* Debug */ = {
			isa = XCBuildConfiguration;
			buildSettings = {
				ALWAYS_EMBED_SWIFT_STANDARD_LIBRARIES = YES;
				BUNDLE_LOADER = "$(TEST_HOST)";
				CODE_SIGN_STYLE = Automatic;
				INFOPLIST_FILE = rssNasaTests/Info.plist;
				LD_RUNPATH_SEARCH_PATHS = (
					"$(inherited)",
					"@executable_path/Frameworks",
					"@loader_path/Frameworks",
				);
				PRODUCT_BUNDLE_IDENTIFIER = com.denis.rssNasaTests;
				PRODUCT_NAME = "$(TARGET_NAME)";
				SWIFT_VERSION = 4.2;
				TARGETED_DEVICE_FAMILY = "1,2";
				TEST_HOST = "$(BUILT_PRODUCTS_DIR)/rssNasa.app/rssNasa";
			};
			name = Debug;
		};
		3AE9D6F421AD812500CDD307 /* Release */ = {
			isa = XCBuildConfiguration;
			buildSettings = {
				ALWAYS_EMBED_SWIFT_STANDARD_LIBRARIES = YES;
				BUNDLE_LOADER = "$(TEST_HOST)";
				CODE_SIGN_STYLE = Automatic;
				INFOPLIST_FILE = rssNasaTests/Info.plist;
				LD_RUNPATH_SEARCH_PATHS = (
					"$(inherited)",
					"@executable_path/Frameworks",
					"@loader_path/Frameworks",
				);
				PRODUCT_BUNDLE_IDENTIFIER = com.denis.rssNasaTests;
				PRODUCT_NAME = "$(TARGET_NAME)";
				SWIFT_VERSION = 4.2;
				TARGETED_DEVICE_FAMILY = "1,2";
				TEST_HOST = "$(BUILT_PRODUCTS_DIR)/rssNasa.app/rssNasa";
			};
			name = Release;
		};
		3AE9D6F621AD812500CDD307 /* Debug */ = {
			isa = XCBuildConfiguration;
			buildSettings = {
				ALWAYS_EMBED_SWIFT_STANDARD_LIBRARIES = YES;
				CODE_SIGN_STYLE = Automatic;
				INFOPLIST_FILE = rssNasaUITests/Info.plist;
				LD_RUNPATH_SEARCH_PATHS = (
					"$(inherited)",
					"@executable_path/Frameworks",
					"@loader_path/Frameworks",
				);
				PRODUCT_BUNDLE_IDENTIFIER = com.denis.rssNasaUITests;
				PRODUCT_NAME = "$(TARGET_NAME)";
				SWIFT_VERSION = 4.2;
				TARGETED_DEVICE_FAMILY = "1,2";
				TEST_TARGET_NAME = rssNasa;
			};
			name = Debug;
		};
		3AE9D6F721AD812500CDD307 /* Release */ = {
			isa = XCBuildConfiguration;
			buildSettings = {
				ALWAYS_EMBED_SWIFT_STANDARD_LIBRARIES = YES;
				CODE_SIGN_STYLE = Automatic;
				INFOPLIST_FILE = rssNasaUITests/Info.plist;
				LD_RUNPATH_SEARCH_PATHS = (
					"$(inherited)",
					"@executable_path/Frameworks",
					"@loader_path/Frameworks",
				);
				PRODUCT_BUNDLE_IDENTIFIER = com.denis.rssNasaUITests;
				PRODUCT_NAME = "$(TARGET_NAME)";
				SWIFT_VERSION = 4.2;
				TARGETED_DEVICE_FAMILY = "1,2";
				TEST_TARGET_NAME = rssNasa;
			};
			name = Release;
		};
/* End XCBuildConfiguration section */

/* Begin XCConfigurationList section */
		3AE9D6C221AD812400CDD307 /* Build configuration list for PBXProject "rssNasa" */ = {
			isa = XCConfigurationList;
			buildConfigurations = (
				3AE9D6ED21AD812500CDD307 /* Debug */,
				3AE9D6EE21AD812500CDD307 /* Release */,
			);
			defaultConfigurationIsVisible = 0;
			defaultConfigurationName = Release;
		};
		3AE9D6EF21AD812500CDD307 /* Build configuration list for PBXNativeTarget "rssNasa" */ = {
			isa = XCConfigurationList;
			buildConfigurations = (
				3AE9D6F021AD812500CDD307 /* Debug */,
				3AE9D6F121AD812500CDD307 /* Release */,
			);
			defaultConfigurationIsVisible = 0;
			defaultConfigurationName = Release;
		};
		3AE9D6F221AD812500CDD307 /* Build configuration list for PBXNativeTarget "rssNasaTests" */ = {
			isa = XCConfigurationList;
			buildConfigurations = (
				3AE9D6F321AD812500CDD307 /* Debug */,
				3AE9D6F421AD812500CDD307 /* Release */,
			);
			defaultConfigurationIsVisible = 0;
			defaultConfigurationName = Release;
		};
		3AE9D6F521AD812500CDD307 /* Build configuration list for PBXNativeTarget "rssNasaUITests" */ = {
			isa = XCConfigurationList;
			buildConfigurations = (
				3AE9D6F621AD812500CDD307 /* Debug */,
				3AE9D6F721AD812500CDD307 /* Release */,
			);
			defaultConfigurationIsVisible = 0;
			defaultConfigurationName = Release;
		};
/* End XCConfigurationList section */
	};
	rootObject = 3AE9D6BF21AD812400CDD307 /* Project object */;
}
